
Microsoft Visual Studio Solution File, Format Version 12.00
# Visual Studio 14
VisualStudioVersion = 14.0.23107.0
MinimumVisualStudioVersion = 10.0.40219.1
Project("{FAE04EC0-301F-11D3-BF4B-00C04F79EFBC}") = "BoutiqueLibrary", "..\Library\BoutiqueLibrary\BoutiqueLibrary.csproj", "{919CB71D-7941-44EE-B08A-203D26D665D5}"
EndProject
Project("{E24C65DC-7377-472B-9ABA-BC803B73C61A}") = "Website", "..\Website\", "{A37C8BE6-4ED7-483C-A29E-EFAF4A3D4136}"
	ProjectSection(WebsiteProperties) = preProject
		TargetFrameworkMoniker = ".NETFramework,Version%3Dv4.5.2"
		ProjectReferences = "{919cb71d-7941-44ee-b08a-203d26d665d5}|BoutiqueLibrary.dll;"
		Debug.AspNetCompiler.VirtualPath = "/localhost_50057"
		Debug.AspNetCompiler.PhysicalPath = "..\Website\"
		Debug.AspNetCompiler.TargetPath = "PrecompiledWeb\localhost_50057\"
		Debug.AspNetCompiler.Updateable = "true"
		Debug.AspNetCompiler.ForceOverwrite = "true"
		Debug.AspNetCompiler.FixedNames = "false"
		Debug.AspNetCompiler.Debug = "True"
		Release.AspNetCompiler.VirtualPath = "/localhost_50057"
		Release.AspNetCompiler.PhysicalPath = "..\Website\"
		Release.AspNetCompiler.TargetPath = "PrecompiledWeb\localhost_50057\"
		Release.AspNetCompiler.Updateable = "true"
		Release.AspNetCompiler.ForceOverwrite = "true"
		Release.AspNetCompiler.FixedNames = "false"
		Release.AspNetCompiler.Debug = "False"
		VWDPort = "50057"
		SlnRelativePath = "..\Website\"
		DefaultWebSiteLanguage = "Visual C#"
	EndProjectSection
EndProject
Global
	GlobalSection(SolutionConfigurationPlatforms) = preSolution
		Debug|Any CPU = Debug|Any CPU
		Release|Any CPU = Release|Any CPU
	EndGlobalSection
	GlobalSection(ProjectConfigurationPlatforms) = postSolution
		{919CB71D-7941-44EE-B08A-203D26D665D5}.Debug|Any CPU.ActiveCfg = Debug|Any CPU
		{919CB71D-7941-44EE-B08A-203D26D665D5}.Debug|Any CPU.Build.0 = Debug|Any CPU
		{919CB71D-7941-44EE-B08A-203D26D665D5}.Release|Any CPU.ActiveCfg = Release|Any CPU
		{919CB71D-7941-44EE-B08A-203D26D665D5}.Release|Any CPU.Build.0 = Release|Any CPU
		{A37C8BE6-4ED7-483C-A29E-EFAF4A3D4136}.Debug|Any CPU.ActiveCfg = Debug|Any CPU
		{A37C8BE6-4ED7-483C-A29E-EFAF4A3D4136}.Debug|Any CPU.Build.0 = Debug|Any CPU
		{A37C8BE6-4ED7-483C-A29E-EFAF4A3D4136}.Release|Any CPU.ActiveCfg = Debug|Any CPU
		{A37C8BE6-4ED7-483C-A29E-EFAF4A3D4136}.Release|Any CPU.Build.0 = Debug|Any CPU
	EndGlobalSection
	GlobalSection(SolutionProperties) = preSolution
		HideSolutionNode = FALSE
	EndGlobalSection
EndGlobal
